
Microsoft Visual Studio Solution File, Format Version 12.00
# Visual Studio Version 16
VisualStudioVersion = 16.0.29709.97
MinimumVisualStudioVersion = 10.0.40219.1
Project("{FAE04EC0-301F-11D3-BF4B-00C04F79EFBC}") = "Nunit.Testing.Rectangle", "Nunit.Testing.Rectangle\Nunit.Testing.Rectangle.csproj", "{88E02E13-B480-4008-8DAF-0F77181BDB64}"
EndProject
Project("{FAE04EC0-301F-11D3-BF4B-00C04F79EFBC}") = "TestCases", "TestCases\TestCases.csproj", "{3D01D5AA-B73A-447C-AE8C-D6C0C7DDEF3F}"
EndProject
Global
	GlobalSection(SolutionConfigurationPlatforms) = preSolution
		Debug|Any CPU = Debug|Any CPU
		Release|Any CPU = Release|Any CPU
	EndGlobalSection
	GlobalSection(ProjectConfigurationPlatforms) = postSolution
		{88E02E13-B480-4008-8DAF-0F77181BDB64}.Debug|Any CPU.ActiveCfg = Debug|Any CPU
		{88E02E13-B480-4008-8DAF-0F77181BDB64}.Debug|Any CPU.Build.0 = Debug|Any CPU
		{88E02E13-B480-4008-8DAF-0F77181BDB64}.Release|Any CPU.ActiveCfg = Release|Any CPU
		{88E02E13-B480-4008-8DAF-0F77181BDB64}.Release|Any CPU.Build.0 = Release|Any CPU
		{3D01D5AA-B73A-447C-AE8C-D6C0C7DDEF3F}.Debug|Any CPU.ActiveCfg = Debug|Any CPU
		{3D01D5AA-B73A-447C-AE8C-D6C0C7DDEF3F}.Debug|Any CPU.Build.0 = Debug|Any CPU
		{3D01D5AA-B73A-447C-AE8C-D6C0C7DDEF3F}.Release|Any CPU.ActiveCfg = Release|Any CPU
		{3D01D5AA-B73A-447C-AE8C-D6C0C7DDEF3F}.Release|Any CPU.Build.0 = Release|Any CPU
	EndGlobalSection
	GlobalSection(SolutionProperties) = preSolution
		HideSolutionNode = FALSE
	EndGlobalSection
	GlobalSection(ExtensibilityGlobals) = postSolution
		SolutionGuid = {112B93ED-A8A0-4600-A247-7A09D24D3852}
	EndGlobalSection
EndGlobal
